
Microsoft Visual Studio Solution File, Format Version 12.00
# Visual Studio Version 16
VisualStudioVersion = 16.0.30225.117
MinimumVisualStudioVersion = 10.0.40219.1
Project("{FAE04EC0-301F-11D3-BF4B-00C04F79EFBC}") = "OopPracticaN2", "OopPracticaN2.csproj", "{378EA2FA-F9BB-4F91-8C22-D49A8EB5B27C}"
EndProject
Global
	GlobalSection(SolutionConfigurationPlatforms) = preSolution
		Debug|Any CPU = Debug|Any CPU
		Release|Any CPU = Release|Any CPU
	EndGlobalSection
	GlobalSection(ProjectConfigurationPlatforms) = postSolution
		{378EA2FA-F9BB-4F91-8C22-D49A8EB5B27C}.Debug|Any CPU.ActiveCfg = Debug|Any CPU
		{378EA2FA-F9BB-4F91-8C22-D49A8EB5B27C}.Debug|Any CPU.Build.0 = Debug|Any CPU
		{378EA2FA-F9BB-4F91-8C22-D49A8EB5B27C}.Release|Any CPU.ActiveCfg = Release|Any CPU
		{378EA2FA-F9BB-4F91-8C22-D49A8EB5B27C}.Release|Any CPU.Build.0 = Release|Any CPU
	EndGlobalSection
	GlobalSection(SolutionProperties) = preSolution
		HideSolutionNode = FALSE
	EndGlobalSection
	GlobalSection(ExtensibilityGlobals) = postSolution
		SolutionGuid = {617EE6A0-08CC-485E-B0BF-883CD7C9780E}
	EndGlobalSection
EndGlobal
